
Microsoft Visual Studio Solution File, Format Version 12.00
# Visual Studio 2010
Project("{FAE04EC0-301F-11D3-BF4B-00C04F79EFBC}") = "StatsdClient", "StatsdClient\StatsdClient.csproj", "{77B1707A-9123-4CD9-9A18-A8D7F4794D71}"
EndProject
Project("{FAE04EC0-301F-11D3-BF4B-00C04F79EFBC}") = "StatsdClient.Tests", "Tests\StatsdClient.Tests.csproj", "{C4355D8F-BAB4-4C53-8E10-3ABB571A6F05}"
EndProject
Project("{FAE04EC0-301F-11D3-BF4B-00C04F79EFBC}") = "StatsdClient.Configuration", "Configuration\StatsdClient.Configuration.csproj", "{11FB3391-9FA5-433B-A0C4-352BD770378F}"
EndProject
Project("{FAE04EC0-301F-11D3-BF4B-00C04F79EFBC}") = "ConsoleApplication1", "ConsoleApplication1\ConsoleApplication1.csproj", "{256ABC4E-C184-4E83-A3AC-F71B3AD98454}"
EndProject
Global
	GlobalSection(SolutionConfigurationPlatforms) = preSolution
		Debug|Any CPU = Debug|Any CPU
		Debug|Mixed Platforms = Debug|Mixed Platforms
		Debug|x86 = Debug|x86
		Release|Any CPU = Release|Any CPU
		Release|Mixed Platforms = Release|Mixed Platforms
		Release|x86 = Release|x86
	EndGlobalSection
	GlobalSection(ProjectConfigurationPlatforms) = postSolution
		{77B1707A-9123-4CD9-9A18-A8D7F4794D71}.Debug|Any CPU.ActiveCfg = Debug|Any CPU
		{77B1707A-9123-4CD9-9A18-A8D7F4794D71}.Debug|Any CPU.Build.0 = Debug|Any CPU
		{77B1707A-9123-4CD9-9A18-A8D7F4794D71}.Debug|Mixed Platforms.ActiveCfg = Debug|Any CPU
		{77B1707A-9123-4CD9-9A18-A8D7F4794D71}.Debug|Mixed Platforms.Build.0 = Debug|Any CPU
		{77B1707A-9123-4CD9-9A18-A8D7F4794D71}.Debug|x86.ActiveCfg = Debug|Any CPU
		{77B1707A-9123-4CD9-9A18-A8D7F4794D71}.Release|Any CPU.ActiveCfg = Release|Any CPU
		{77B1707A-9123-4CD9-9A18-A8D7F4794D71}.Release|Any CPU.Build.0 = Release|Any CPU
		{77B1707A-9123-4CD9-9A18-A8D7F4794D71}.Release|Mixed Platforms.ActiveCfg = Release|Any CPU
		{77B1707A-9123-4CD9-9A18-A8D7F4794D71}.Release|Mixed Platforms.Build.0 = Release|Any CPU
		{77B1707A-9123-4CD9-9A18-A8D7F4794D71}.Release|x86.ActiveCfg = Release|Any CPU
		{C4355D8F-BAB4-4C53-8E10-3ABB571A6F05}.Debug|Any CPU.ActiveCfg = Debug|Any CPU
		{C4355D8F-BAB4-4C53-8E10-3ABB571A6F05}.Debug|Any CPU.Build.0 = Debug|Any CPU
		{C4355D8F-BAB4-4C53-8E10-3ABB571A6F05}.Debug|Mixed Platforms.ActiveCfg = Debug|Any CPU
		{C4355D8F-BAB4-4C53-8E10-3ABB571A6F05}.Debug|Mixed Platforms.Build.0 = Debug|Any CPU
		{C4355D8F-BAB4-4C53-8E10-3ABB571A6F05}.Debug|x86.ActiveCfg = Debug|Any CPU
		{C4355D8F-BAB4-4C53-8E10-3ABB571A6F05}.Release|Any CPU.ActiveCfg = Release|Any CPU
		{C4355D8F-BAB4-4C53-8E10-3ABB571A6F05}.Release|Any CPU.Build.0 = Release|Any CPU
		{C4355D8F-BAB4-4C53-8E10-3ABB571A6F05}.Release|Mixed Platforms.ActiveCfg = Release|Any CPU
		{C4355D8F-BAB4-4C53-8E10-3ABB571A6F05}.Release|Mixed Platforms.Build.0 = Release|Any CPU
		{C4355D8F-BAB4-4C53-8E10-3ABB571A6F05}.Release|x86.ActiveCfg = Release|Any CPU
		{11FB3391-9FA5-433B-A0C4-352BD770378F}.Debug|Any CPU.ActiveCfg = Debug|Any CPU
		{11FB3391-9FA5-433B-A0C4-352BD770378F}.Debug|Any CPU.Build.0 = Debug|Any CPU
		{11FB3391-9FA5-433B-A0C4-352BD770378F}.Debug|Mixed Platforms.ActiveCfg = Debug|Any CPU
		{11FB3391-9FA5-433B-A0C4-352BD770378F}.Debug|Mixed Platforms.Build.0 = Debug|Any CPU
		{11FB3391-9FA5-433B-A0C4-352BD770378F}.Debug|x86.ActiveCfg = Debug|Any CPU
		{11FB3391-9FA5-433B-A0C4-352BD770378F}.Release|Any CPU.ActiveCfg = Release|Any CPU
		{11FB3391-9FA5-433B-A0C4-352BD770378F}.Release|Any CPU.Build.0 = Release|Any CPU
		{11FB3391-9FA5-433B-A0C4-352BD770378F}.Release|Mixed Platforms.ActiveCfg = Release|Any CPU
		{11FB3391-9FA5-433B-A0C4-352BD770378F}.Release|Mixed Platforms.Build.0 = Release|Any CPU
		{11FB3391-9FA5-433B-A0C4-352BD770378F}.Release|x86.ActiveCfg = Release|Any CPU
		{256ABC4E-C184-4E83-A3AC-F71B3AD98454}.Debug|Any CPU.ActiveCfg = Debug|x86
		{256ABC4E-C184-4E83-A3AC-F71B3AD98454}.Debug|Mixed Platforms.ActiveCfg = Debug|x86
		{256ABC4E-C184-4E83-A3AC-F71B3AD98454}.Debug|Mixed Platforms.Build.0 = Debug|x86
		{256ABC4E-C184-4E83-A3AC-F71B3AD98454}.Debug|x86.ActiveCfg = Debug|x86
		{256ABC4E-C184-4E83-A3AC-F71B3AD98454}.Debug|x86.Build.0 = Debug|x86
		{256ABC4E-C184-4E83-A3AC-F71B3AD98454}.Release|Any CPU.ActiveCfg = Release|x86
		{256ABC4E-C184-4E83-A3AC-F71B3AD98454}.Release|Mixed Platforms.ActiveCfg = Release|x86
		{256ABC4E-C184-4E83-A3AC-F71B3AD98454}.Release|Mixed Platforms.Build.0 = Release|x86
		{256ABC4E-C184-4E83-A3AC-F71B3AD98454}.Release|x86.ActiveCfg = Release|x86
		{256ABC4E-C184-4E83-A3AC-F71B3AD98454}.Release|x86.Build.0 = Release|x86
	EndGlobalSection
	GlobalSection(SolutionProperties) = preSolution
		HideSolutionNode = FALSE
	EndGlobalSection
EndGlobal
